// !$*UTF8*$!
{
	archiveVersion = 1;
	classes = {
	};
	objectVersion = 46;
	objects = {

/* Begin PBXBuildFile section */
		1D34BEE11CD14CC60043CA4B /* AppDelegate.swift in Sources */ = {isa = PBXBuildFile; fileRef = 1D34BEE01CD14CC60043CA4B /* AppDelegate.swift */; };
		1D34BEE31CD14CC60043CA4B /* ViewController.swift in Sources */ = {isa = PBXBuildFile; fileRef = 1D34BEE21CD14CC60043CA4B /* ViewController.swift */; };
		1D34BEE61CD14CC60043CA4B /* Main.storyboard in Resources */ = {isa = PBXBuildFile; fileRef = 1D34BEE41CD14CC60043CA4B /* Main.storyboard */; };
		1D34BEE81CD14CC60043CA4B /* Assets.xcassets in Resources */ = {isa = PBXBuildFile; fileRef = 1D34BEE71CD14CC60043CA4B /* Assets.xcassets */; };
		1D34BEEB1CD14CC60043CA4B /* LaunchScreen.storyboard in Resources */ = {isa = PBXBuildFile; fileRef = 1D34BEE91CD14CC60043CA4B /* LaunchScreen.storyboard */; };
		1D34BEF61CD14CC60043CA4B /* myLittleMonsterTests.swift in Sources */ = {isa = PBXBuildFile; fileRef = 1D34BEF51CD14CC60043CA4B /* myLittleMonsterTests.swift */; };
		1D34BF011CD14CC60043CA4B /* myLittleMonsterUITests.swift in Sources */ = {isa = PBXBuildFile; fileRef = 1D34BF001CD14CC60043CA4B /* myLittleMonsterUITests.swift */; };
/* End PBXBuildFile section */

/* Begin PBXContainerItemProxy section */
		1D34BEF21CD14CC60043CA4B /* PBXContainerItemProxy */ = {
			isa = PBXContainerItemProxy;
			containerPortal = 1D34BED51CD14CC60043CA4B /* Project object */;
			proxyType = 1;
			remoteGlobalIDString = 1D34BEDC1CD14CC60043CA4B;
			remoteInfo = myLittleMonster;
		};
		1D34BEFD1CD14CC60043CA4B /* PBXContainerItemProxy */ = {
			isa = PBXContainerItemProxy;
			containerPortal = 1D34BED51CD14CC60043CA4B /* Project object */;
			proxyType = 1;
			remoteGlobalIDString = 1D34BEDC1CD14CC60043CA4B;
			remoteInfo = myLittleMonster;
		};
/* End PBXContainerItemProxy section */

/* Begin PBXFileReference section */
		1D34BEDD1CD14CC60043CA4B /* myLittleMonster.app */ = {isa = PBXFileReference; explicitFileType = wrapper.application; includeInIndex = 0; path = myLittleMonster.app; sourceTree = BUILT_PRODUCTS_DIR; };
		1D34BEE01CD14CC60043CA4B /* AppDelegate.swift */ = {isa = PBXFileReference; lastKnownFileType = sourcecode.swift; path = AppDelegate.swift; sourceTree = "<group>"; };
		1D34BEE21CD14CC60043CA4B /* ViewController.swift */ = {isa = PBXFileReference; lastKnownFileType = sourcecode.swift; path = ViewController.swift; sourceTree = "<group>"; };
		1D34BEE51CD14CC60043CA4B /* Base */ = {isa = PBXFileReference; lastKnownFileType = file.storyboard; name = Base; path = Base.lproj/Main.storyboard; sourceTree = "<group>"; };
		1D34BEE71CD14CC60043CA4B /* Assets.xcassets */ = {isa = PBXFileReference; lastKnownFileType = folder.assetcatalog; path = Assets.xcassets; sourceTree = "<group>"; };
		1D34BEEA1CD14CC60043CA4B /* Base */ = {isa = PBXFileReference; lastKnownFileType = file.storyboard; name = Base; path = Base.lproj/LaunchScreen.storyboard; sourceTree = "<group>"; };
		1D34BEEC1CD14CC60043CA4B /* Info.plist */ = {isa = PBXFileReference; lastKnownFileType = text.plist.xml; path = Info.plist; sourceTree = "<group>"; };
		1D34BEF11CD14CC60043CA4B /* myLittleMonsterTests.xctest */ = {isa = PBXFileReference; explicitFileType = wrapper.cfbundle; includeInIndex = 0; path = myLittleMonsterTests.xctest; sourceTree = BUILT_PRODUCTS_DIR; };
		1D34BEF51CD14CC60043CA4B /* myLittleMonsterTests.swift */ = {isa = PBXFileReference; lastKnownFileType = sourcecode.swift; path = myLittleMonsterTests.swift; sourceTree = "<group>"; };
		1D34BEF71CD14CC60043CA4B /* Info.plist */ = {isa = PBXFileReference; lastKnownFileType = text.plist.xml; path = Info.plist; sourceTree = "<group>"; };
		1D34BEFC1CD14CC60043CA4B /* myLittleMonsterUITests.xctest */ = {isa = PBXFileReference; explicitFileType = wrapper.cfbundle; includeInIndex = 0; path = myLittleMonsterUITests.xctest; sourceTree = BUILT_PRODUCTS_DIR; };
		1D34BF001CD14CC60043CA4B /* myLittleMonsterUITests.swift */ = {isa = PBXFileReference; lastKnownFileType = sourcecode.swift; path = myLittleMonsterUITests.swift; sourceTree = "<group>"; };
		1D34BF021CD14CC60043CA4B /* Info.plist */ = {isa = PBXFileReference; lastKnownFileType = text.plist.xml; path = Info.plist; sourceTree = "<group>"; };
/* End PBXFileReference section */

/* Begin PBXFrameworksBuildPhase section */
		1D34BEDA1CD14CC60043CA4B /* Frameworks */ = {
			isa = PBXFrameworksBuildPhase;
			buildActionMask = 2147483647;
			files = (
			);
			runOnlyForDeploymentPostprocessing = 0;
		};
		1D34BEEE1CD14CC60043CA4B /* Frameworks */ = {
			isa = PBXFrameworksBuildPhase;
			buildActionMask = 2147483647;
			files = (
			);
			runOnlyForDeploymentPostprocessing = 0;
		};
		1D34BEF91CD14CC60043CA4B /* Frameworks */ = {
			isa = PBXFrameworksBuildPhase;
			buildActionMask = 2147483647;
			files = (
			);
			runOnlyForDeploymentPostprocessing = 0;
		};
/* End PBXFrameworksBuildPhase section */

/* Begin PBXGroup section */
		1D34BED41CD14CC60043CA4B = {
			isa = PBXGroup;
			children = (
				1D34BEDF1CD14CC60043CA4B /* myLittleMonster */,
				1D34BEF41CD14CC60043CA4B /* myLittleMonsterTests */,
				1D34BEFF1CD14CC60043CA4B /* myLittleMonsterUITests */,
				1D34BEDE1CD14CC60043CA4B /* Products */,
			);
			sourceTree = "<group>";
		};
		1D34BEDE1CD14CC60043CA4B /* Products */ = {
			isa = PBXGroup;
			children = (
				1D34BEDD1CD14CC60043CA4B /* myLittleMonster.app */,
				1D34BEF11CD14CC60043CA4B /* myLittleMonsterTests.xctest */,
				1D34BEFC1CD14CC60043CA4B /* myLittleMonsterUITests.xctest */,
			);
			name = Products;
			sourceTree = "<group>";
		};
		1D34BEDF1CD14CC60043CA4B /* myLittleMonster */ = {
			isa = PBXGroup;
			children = (
				1D34BEE01CD14CC60043CA4B /* AppDelegate.swift */,
				1D34BEE21CD14CC60043CA4B /* ViewController.swift */,
				1D34BEE41CD14CC60043CA4B /* Main.storyboard */,
				1D34BEE71CD14CC60043CA4B /* Assets.xcassets */,
				1D34BEE91CD14CC60043CA4B /* LaunchScreen.storyboard */,
				1D34BEEC1CD14CC60043CA4B /* Info.plist */,
			);
			path = myLittleMonster;
			sourceTree = "<group>";
		};
		1D34BEF41CD14CC60043CA4B /* myLittleMonsterTests */ = {
			isa = PBXGroup;
			children = (
				1D34BEF51CD14CC60043CA4B /* myLittleMonsterTests.swift */,
				1D34BEF71CD14CC60043CA4B /* Info.plist */,
			);
			path = myLittleMonsterTests;
			sourceTree = "<group>";
		};
		1D34BEFF1CD14CC60043CA4B /* myLittleMonsterUITests */ = {
			isa = PBXGroup;
			children = (
				1D34BF001CD14CC60043CA4B /* myLittleMonsterUITests.swift */,
				1D34BF021CD14CC60043CA4B /* Info.plist */,
			);
			path = myLittleMonsterUITests;
			sourceTree = "<group>";
		};
/* End PBXGroup section */

/* Begin PBXNativeTarget section */
		1D34BEDC1CD14CC60043CA4B /* myLittleMonster */ = {
			isa = PBXNativeTarget;
			buildConfigurationList = 1D34BF051CD14CC60043CA4B /* Build configuration list for PBXNativeTarget "myLittleMonster" */;
			buildPhases = (
				1D34BED91CD14CC60043CA4B /* Sources */,
				1D34BEDA1CD14CC60043CA4B /* Frameworks */,
				1D34BEDB1CD14CC60043CA4B /* Resources */,
			);
			buildRules = (
			);
			dependencies = (
			);
			name = myLittleMonster;
			productName = myLittleMonster;
			productReference = 1D34BEDD1CD14CC60043CA4B /* myLittleMonster.app */;
			productType = "com.apple.product-type.application";
		};
		1D34BEF01CD14CC60043CA4B /* myLittleMonsterTests */ = {
			isa = PBXNativeTarget;
			buildConfigurationList = 1D34BF081CD14CC60043CA4B /* Build configuration list for PBXNativeTarget "myLittleMonsterTests" */;
			buildPhases = (
				1D34BEED1CD14CC60043CA4B /* Sources */,
				1D34BEEE1CD14CC60043CA4B /* Frameworks */,
				1D34BEEF1CD14CC60043CA4B /* Resources */,
			);
			buildRules = (
			);
			dependencies = (
				1D34BEF31CD14CC60043CA4B /* PBXTargetDependency */,
			);
			name = myLittleMonsterTests;
			productName = myLittleMonsterTests;
			productReference = 1D34BEF11CD14CC60043CA4B /* myLittleMonsterTests.xctest */;
			productType = "com.apple.product-type.bundle.unit-test";
		};
		1D34BEFB1CD14CC60043CA4B /* myLittleMonsterUITests */ = {
			isa = PBXNativeTarget;
			buildConfigurationList = 1D34BF0B1CD14CC60043CA4B /* Build configuration list for PBXNativeTarget "myLittleMonsterUITests" */;
			buildPhases = (
				1D34BEF81CD14CC60043CA4B /* Sources */,
				1D34BEF91CD14CC60043CA4B /* Frameworks */,
				1D34BEFA1CD14CC60043CA4B /* Resources */,
			);
			buildRules = (
			);
			dependencies = (
				1D34BEFE1CD14CC60043CA4B /* PBXTargetDependency */,
			);
			name = myLittleMonsterUITests;
			productName = myLittleMonsterUITests;
			productReference = 1D34BEFC1CD14CC60043CA4B /* myLittleMonsterUITests.xctest */;
			productType = "com.apple.product-type.bundle.ui-testing";
		};
/* End PBXNativeTarget section */

/* Begin PBXProject section */
		1D34BED51CD14CC60043CA4B /* Project object */ = {
			isa = PBXProject;
			attributes = {
				LastSwiftUpdateCheck = 0730;
				LastUpgradeCheck = 0730;
				ORGANIZATIONNAME = "Tobias Gozzi";
				TargetAttributes = {
					1D34BEDC1CD14CC60043CA4B = {
						CreatedOnToolsVersion = 7.3;
					};
					1D34BEF01CD14CC60043CA4B = {
						CreatedOnToolsVersion = 7.3;
						TestTargetID = 1D34BEDC1CD14CC60043CA4B;
					};
					1D34BEFB1CD14CC60043CA4B = {
						CreatedOnToolsVersion = 7.3;
						TestTargetID = 1D34BEDC1CD14CC60043CA4B;
					};
				};
			};
			buildConfigurationList = 1D34BED81CD14CC60043CA4B /* Build configuration list for PBXProject "myLittleMonster" */;
			compatibilityVersion = "Xcode 3.2";
			developmentRegion = English;
			hasScannedForEncodings = 0;
			knownRegions = (
				en,
				Base,
			);
			mainGroup = 1D34BED41CD14CC60043CA4B;
			productRefGroup = 1D34BEDE1CD14CC60043CA4B /* Products */;
			projectDirPath = "";
			projectRoot = "";
			targets = (
				1D34BEDC1CD14CC60043CA4B /* myLittleMonster */,
				1D34BEF01CD14CC60043CA4B /* myLittleMonsterTests */,
				1D34BEFB1CD14CC60043CA4B /* myLittleMonsterUITests */,
			);
		};
/* End PBXProject section */

/* Begin PBXResourcesBuildPhase section */
		1D34BEDB1CD14CC60043CA4B /* Resources */ = {
			isa = PBXResourcesBuildPhase;
			buildActionMask = 2147483647;
			files = (
				1D34BEEB1CD14CC60043CA4B /* LaunchScreen.storyboard in Resources */,
				1D34BEE81CD14CC60043CA4B /* Assets.xcassets in Resources */,
				1D34BEE61CD14CC60043CA4B /* Main.storyboard in Resources */,
			);
			runOnlyForDeploymentPostprocessing = 0;
		};
		1D34BEEF1CD14CC60043CA4B /* Resources */ = {
			isa = PBXResourcesBuildPhase;
			buildActionMask = 2147483647;
			files = (
			);
			runOnlyForDeploymentPostprocessing = 0;
		};
		1D34BEFA1CD14CC60043CA4B /* Resources */ = {
			isa = PBXResourcesBuildPhase;
			buildActionMask = 2147483647;
			files = (
			);
			runOnlyForDeploymentPostprocessing = 0;
		};
/* End PBXResourcesBuildPhase section */

/* Begin PBXSourcesBuildPhase section */
		1D34BED91CD14CC60043CA4B /* Sources */ = {
			isa = PBXSourcesBuildPhase;
			buildActionMask = 2147483647;
			files = (
				1D34BEE31CD14CC60043CA4B /* ViewController.swift in Sources */,
				1D34BEE11CD14CC60043CA4B /* AppDelegate.swift in Sources */,
			);
			runOnlyForDeploymentPostprocessing = 0;
		};
		1D34BEED1CD14CC60043CA4B /* Sources */ = {
			isa = PBXSourcesBuildPhase;
			buildActionMask = 2147483647;
			files = (
				1D34BEF61CD14CC60043CA4B /* myLittleMonsterTests.swift in Sources */,
			);
			runOnlyForDeploymentPostprocessing = 0;
		};
		1D34BEF81CD14CC60043CA4B /* Sources */ = {
			isa = PBXSourcesBuildPhase;
			buildActionMask = 2147483647;
			files = (
				1D34BF011CD14CC60043CA4B /* myLittleMonsterUITests.swift in Sources */,
			);
			runOnlyForDeploymentPostprocessing = 0;
		};
/* End PBXSourcesBuildPhase section */

/* Begin PBXTargetDependency section */
		1D34BEF31CD14CC60043CA4B /* PBXTargetDependency */ = {
			isa = PBXTargetDependency;
			target = 1D34BEDC1CD14CC60043CA4B /* myLittleMonster */;
			targetProxy = 1D34BEF21CD14CC60043CA4B /* PBXContainerItemProxy */;
		};
		1D34BEFE1CD14CC60043CA4B /* PBXTargetDependency */ = {
			isa = PBXTargetDependency;
			target = 1D34BEDC1CD14CC60043CA4B /* myLittleMonster */;
			targetProxy = 1D34BEFD1CD14CC60043CA4B /* PBXContainerItemProxy */;
		};
/* End PBXTargetDependency section */

/* Begin PBXVariantGroup section */
		1D34BEE41CD14CC60043CA4B /* Main.storyboard */ = {
			isa = PBXVariantGroup;
			children = (
				1D34BEE51CD14CC60043CA4B /* Base */,
			);
			name = Main.storyboard;
			sourceTree = "<group>";
		};
		1D34BEE91CD14CC60043CA4B /* LaunchScreen.storyboard */ = {
			isa = PBXVariantGroup;
			children = (
				1D34BEEA1CD14CC60043CA4B /* Base */,
			);
			name = LaunchScreen.storyboard;
			sourceTree = "<group>";
		};
/* End PBXVariantGroup section */

/* Begin XCBuildConfiguration section */
		1D34BF031CD14CC60043CA4B /* Debug */ = {
			isa = XCBuildConfiguration;
			buildSettings = {
				ALWAYS_SEARCH_USER_PATHS = NO;
				CLANG_ANALYZER_NONNULL = YES;
				CLANG_CXX_LANGUAGE_STANDARD = "gnu++0x";
				CLANG_CXX_LIBRARY = "libc++";
				CLANG_ENABLE_MODULES = YES;
				CLANG_ENABLE_OBJC_ARC = YES;
				CLANG_WARN_BOOL_CONVERSION = YES;
				CLANG_WARN_CONSTANT_CONVERSION = YES;
				CLANG_WARN_DIRECT_OBJC_ISA_USAGE = YES_ERROR;
				CLANG_WARN_EMPTY_BODY = YES;
				CLANG_WARN_ENUM_CONVERSION = YES;
				CLANG_WARN_INT_CONVERSION = YES;
				CLANG_WARN_OBJC_ROOT_CLASS = YES_ERROR;
				CLANG_WARN_UNREACHABLE_CODE = YES;
				CLANG_WARN__DUPLICATE_METHOD_MATCH = YES;
				"CODE_SIGN_IDENTITY[sdk=iphoneos*]" = "iPhone Developer";
				COPY_PHASE_STRIP = NO;
				DEBUG_INFORMATION_FORMAT = dwarf;
				ENABLE_STRICT_OBJC_MSGSEND = YES;
				ENABLE_TESTABILITY = YES;
				GCC_C_LANGUAGE_STANDARD = gnu99;
				GCC_DYNAMIC_NO_PIC = NO;
				GCC_NO_COMMON_BLOCKS = YES;
				GCC_OPTIMIZATION_LEVEL = 0;
				GCC_PREPROCESSOR_DEFINITIONS = (
					"DEBUG=1",
					"$(inherited)",
				);
				GCC_WARN_64_TO_32_BIT_CONVERSION = YES;
				GCC_WARN_ABOUT_RETURN_TYPE = YES_ERROR;
				GCC_WARN_UNDECLARED_SELECTOR = YES;
				GCC_WARN_UNINITIALIZED_AUTOS = YES_AGGRESSIVE;
				GCC_WARN_UNUSED_FUNCTION = YES;
				GCC_WARN_UNUSED_VARIABLE = YES;
				IPHONEOS_DEPLOYMENT_TARGET = 9.3;
				MTL_ENABLE_DEBUG_INFO = YES;
				ONLY_ACTIVE_ARCH = YES;
				SDKROOT = iphoneos;
				SWIFT_OPTIMIZATION_LEVEL = "-Onone";
			};
			name = Debug;
		};
		1D34BF041CD14CC60043CA4B /* Release */ = {
			isa = XCBuildConfiguration;
			buildSettings = {
				ALWAYS_SEARCH_USER_PATHS = NO;
				CLANG_ANALYZER_NONNULL = YES;
				CLANG_CXX_LANGUAGE_STANDARD = "gnu++0x";
				CLANG_CXX_LIBRARY = "libc++";
				CLANG_ENABLE_MODULES = YES;
				CLANG_ENABLE_OBJC_ARC = YES;
				CLANG_WARN_BOOL_CONVERSION = YES;
				CLANG_WARN_CONSTANT_CONVERSION = YES;
				CLANG_WARN_DIRECT_OBJC_ISA_USAGE = YES_ERROR;
				CLANG_WARN_EMPTY_BODY = YES;
				CLANG_WARN_ENUM_CONVERSION = YES;
				CLANG_WARN_INT_CONVERSION = YES;
				CLANG_WARN_OBJC_ROOT_CLASS = YES_ERROR;
				CLANG_WARN_UNREACHABLE_CODE = YES;
				CLANG_WARN__DUPLICATE_METHOD_MATCH = YES;
				"CODE_SIGN_IDENTITY[sdk=iphoneos*]" = "iPhone Developer";
				COPY_PHASE_STRIP = NO;
				DEBUG_INFORMATION_FORMAT = "dwarf-with-dsym";
				ENABLE_NS_ASSERTIONS = NO;
				ENABLE_STRICT_OBJC_MSGSEND = YES;
				GCC_C_LANGUAGE_STANDARD = gnu99;
				GCC_NO_COMMON_BLOCKS = YES;
				GCC_WARN_64_TO_32_BIT_CONVERSION = YES;
				GCC_WARN_ABOUT_RETURN_TYPE = YES_ERROR;
				GCC_WARN_UNDECLARED_SELECTOR = YES;
				GCC_WARN_UNINITIALIZED_AUTOS = YES_AGGRESSIVE;
				GCC_WARN_UNUSED_FUNCTION = YES;
				GCC_WARN_UNUSED_VARIABLE = YES;
				IPHONEOS_DEPLOYMENT_TARGET = 9.3;
				MTL_ENABLE_DEBUG_INFO = NO;
				SDKROOT = iphoneos;
				VALIDATE_PRODUCT = YES;
			};
			name = Release;
		};
		1D34BF061CD14CC60043CA4B /* Debug */ = {
			isa = XCBuildConfiguration;
			buildSettings = {
				ASSETCATALOG_COMPILER_APPICON_NAME = AppIcon;
				INFOPLIST_FILE = myLittleMonster/Info.plist;
				LD_RUNPATH_SEARCH_PATHS = "$(inherited) @executable_path/Frameworks";
				PRODUCT_BUNDLE_IDENTIFIER = com.tobiasgozzi.myLittleMonster;
				PRODUCT_NAME = "$(TARGET_NAME)";
				TARGETED_DEVICE_FAMILY = "1,2";
			};
			name = Debug;
		};
		1D34BF071CD14CC60043CA4B /* Release */ = {
			isa = XCBuildConfiguration;
			buildSettings = {
				ASSETCATALOG_COMPILER_APPICON_NAME = AppIcon;
				INFOPLIST_FILE = myLittleMonster/Info.plist;
				LD_RUNPATH_SEARCH_PATHS = "$(inherited) @executable_path/Frameworks";
				PRODUCT_BUNDLE_IDENTIFIER = com.tobiasgozzi.myLittleMonster;
				PRODUCT_NAME = "$(TARGET_NAME)";
				TARGETED_DEVICE_FAMILY = "1,2";
			};
			name = Release;
		};
		1D34BF091CD14CC60043CA4B /* Debug */ = {
			isa = XCBuildConfiguration;
			buildSettings = {
				BUNDLE_LOADER = "$(TEST_HOST)";
				INFOPLIST_FILE = myLittleMonsterTests/Info.plist;
				LD_RUNPATH_SEARCH_PATHS = "$(inherited) @executable_path/Frameworks @loader_path/Frameworks";
				PRODUCT_BUNDLE_IDENTIFIER = com.tobiasgozzi.myLittleMonsterTests;
				PRODUCT_NAME = "$(TARGET_NAME)";
				TEST_HOST = "$(BUILT_PRODUCTS_DIR)/myLittleMonster.app/myLittleMonster";
			};
			name = Debug;
		};
		1D34BF0A1CD14CC60043CA4B /* Release */ = {
			isa = XCBuildConfiguration;
			buildSettings = {
				BUNDLE_LOADER = "$(TEST_HOST)";
				INFOPLIST_FILE = myLittleMonsterTests/Info.plist;
				LD_RUNPATH_SEARCH_PATHS = "$(inherited) @executable_path/Frameworks @loader_path/Frameworks";
				PRODUCT_BUNDLE_IDENTIFIER = com.tobiasgozzi.myLittleMonsterTests;
				PRODUCT_NAME = "$(TARGET_NAME)";
				TEST_HOST = "$(BUILT_PRODUCTS_DIR)/myLittleMonster.app/myLittleMonster";
			};
			name = Release;
		};
		1D34BF0C1CD14CC60043CA4B /* Debug */ = {
			isa = XCBuildConfiguration;
			buildSettings = {
				INFOPLIST_FILE = myLittleMonsterUITests/Info.plist;
				LD_RUNPATH_SEARCH_PATHS = "$(inherited) @executable_path/Frameworks @loader_path/Frameworks";
				PRODUCT_BUNDLE_IDENTIFIER = com.tobiasgozzi.myLittleMonsterUITests;
				PRODUCT_NAME = "$(TARGET_NAME)";
				TEST_TARGET_NAME = myLittleMonster;
			};
			name = Debug;
		};
		1D34BF0D1CD14CC60043CA4B /* Release */ = {
			isa = XCBuildConfiguration;
			buildSettings = {
				INFOPLIST_FILE = myLittleMonsterUITests/Info.plist;
				LD_RUNPATH_SEARCH_PATHS = "$(inherited) @executable_path/Frameworks @loader_path/Frameworks";
				PRODUCT_BUNDLE_IDENTIFIER = com.tobiasgozzi.myLittleMonsterUITests;
				PRODUCT_NAME = "$(TARGET_NAME)";
				TEST_TARGET_NAME = myLittleMonster;
			};
			name = Release;
		};
/* End XCBuildConfiguration section */

/* Begin XCConfigurationList section */
		1D34BED81CD14CC60043CA4B /* Build configuration list for PBXProject "myLittleMonster" */ = {
			isa = XCConfigurationList;
			buildConfigurations = (
				1D34BF031CD14CC60043CA4B /* Debug */,
				1D34BF041CD14CC60043CA4B /* Release */,
			);
			defaultConfigurationIsVisible = 0;
			defaultConfigurationName = Release;
		};
		1D34BF051CD14CC60043CA4B /* Build configuration list for PBXNativeTarget "myLittleMonster" */ = {
			isa = XCConfigurationList;
			buildConfigurations = (
				1D34BF061CD14CC60043CA4B /* Debug */,
				1D34BF071CD14CC60043CA4B /* Release */,
			);
			defaultConfigurationIsVisible = 0;
		};
		1D34BF081CD14CC60043CA4B /* Build configuration list for PBXNativeTarget "myLittleMonsterTests" */ = {
			isa = XCConfigurationList;
			buildConfigurations = (
				1D34BF091CD14CC60043CA4B /* Debug */,
				1D34BF0A1CD14CC60043CA4B /* Release */,
			);
			defaultConfigurationIsVisible = 0;
		};
		1D34BF0B1CD14CC60043CA4B /* Build configuration list for PBXNativeTarget "myLittleMonsterUITests" */ = {
			isa = XCConfigurationList;
			buildConfigurations = (
				1D34BF0C1CD14CC60043CA4B /* Debug */,
				1D34BF0D1CD14CC60043CA4B /* Release */,
			);
			defaultConfigurationIsVisible = 0;
		};
/* End XCConfigurationList section */
	};
	rootObject = 1D34BED51CD14CC60043CA4B /* Project object */;
}
